// !$*UTF8*$!
{
	archiveVersion = 1;
	classes = {
	};
	objectVersion = 46;
	objects = {

/* Begin PBXBuildFile section */
		620BBA4C1BF836D600F0C7CB /* main.m in Sources */ = {isa = PBXBuildFile; fileRef = 620BBA4B1BF836D600F0C7CB /* main.m */; };
		620BBA4F1BF836D600F0C7CB /* AppDelegate.m in Sources */ = {isa = PBXBuildFile; fileRef = 620BBA4E1BF836D600F0C7CB /* AppDelegate.m */; };
		620BBA521BF836D600F0C7CB /* ViewController.m in Sources */ = {isa = PBXBuildFile; fileRef = 620BBA511BF836D600F0C7CB /* ViewController.m */; };
		620BBA551BF836D600F0C7CB /* Main.storyboard in Resources */ = {isa = PBXBuildFile; fileRef = 620BBA531BF836D600F0C7CB /* Main.storyboard */; };
		620BBA571BF836D600F0C7CB /* Assets.xcassets in Resources */ = {isa = PBXBuildFile; fileRef = 620BBA561BF836D600F0C7CB /* Assets.xcassets */; };
		620BBA5A1BF836D600F0C7CB /* LaunchScreen.storyboard in Resources */ = {isa = PBXBuildFile; fileRef = 620BBA581BF836D600F0C7CB /* LaunchScreen.storyboard */; };
/* End PBXBuildFile section */

/* Begin PBXFileReference section */
		620BBA471BF836D600F0C7CB /* Test.app */ = {isa = PBXFileReference; explicitFileType = wrapper.application; includeInIndex = 0; path = Test.app; sourceTree = BUILT_PRODUCTS_DIR; };
		620BBA4B1BF836D600F0C7CB /* main.m */ = {isa = PBXFileReference; lastKnownFileType = sourcecode.c.objc; path = main.m; sourceTree = "<group>"; };
		620BBA4D1BF836D600F0C7CB /* AppDelegate.h */ = {isa = PBXFileReference; lastKnownFileType = sourcecode.c.h; path = AppDelegate.h; sourceTree = "<group>"; };
		620BBA4E1BF836D600F0C7CB /* AppDelegate.m */ = {isa = PBXFileReference; lastKnownFileType = sourcecode.c.objc; path = AppDelegate.m; sourceTree = "<group>"; };
		620BBA501BF836D600F0C7CB /* ViewController.h */ = {isa = PBXFileReference; lastKnownFileType = sourcecode.c.h; path = ViewController.h; sourceTree = "<group>"; };
		620BBA511BF836D600F0C7CB /* ViewController.m */ = {isa = PBXFileReference; lastKnownFileType = sourcecode.c.objc; path = ViewController.m; sourceTree = "<group>"; };
		620BBA541BF836D600F0C7CB /* Base */ = {isa = PBXFileReference; lastKnownFileType = file.storyboard; name = Base; path = Base.lproj/Main.storyboard; sourceTree = "<group>"; };
		620BBA561BF836D600F0C7CB /* Assets.xcassets */ = {isa = PBXFileReference; lastKnownFileType = folder.assetcatalog; path = Assets.xcassets; sourceTree = "<group>"; };
		620BBA591BF836D600F0C7CB /* Base */ = {isa = PBXFileReference; lastKnownFileType = file.storyboard; name = Base; path = Base.lproj/LaunchScreen.storyboard; sourceTree = "<group>"; };
		620BBA5B1BF836D600F0C7CB /* Info.plist */ = {isa = PBXFileReference; lastKnownFileType = text.plist.xml; path = Info.plist; sourceTree = "<group>"; };
/* End PBXFileReference section */

/* Begin PBXFrameworksBuildPhase section */
		620BBA441BF836D600F0C7CB /* Frameworks */ = {
			isa = PBXFrameworksBuildPhase;
			buildActionMask = 2147483647;
			files = (
			);
			runOnlyForDeploymentPostprocessing = 0;
		};
/* End PBXFrameworksBuildPhase section */

/* Begin PBXGroup section */
		620BBA3E1BF836D600F0C7CB = {
			isa = PBXGroup;
			children = (
				620BBA491BF836D600F0C7CB /* Test */,
				620BBA481BF836D600F0C7CB /* Products */,
			);
			sourceTree = "<group>";
		};
		620BBA481BF836D600F0C7CB /* Products */ = {
			isa = PBXGroup;
			children = (
				620BBA471BF836D600F0C7CB /* Test.app */,
			);
			name = Products;
			sourceTree = "<group>";
		};
		620BBA491BF836D600F0C7CB /* Test */ = {
			isa = PBXGroup;
			children = (
				620BBA4D1BF836D600F0C7CB /* AppDelegate.h */,
				620BBA4E1BF836D600F0C7CB /* AppDelegate.m */,
				620BBA501BF836D600F0C7CB /* ViewController.h */,
				620BBA511BF836D600F0C7CB /* ViewController.m */,
				620BBA531BF836D600F0C7CB /* Main.storyboard */,
				620BBA561BF836D600F0C7CB /* Assets.xcassets */,
				620BBA581BF836D600F0C7CB /* LaunchScreen.storyboard */,
				620BBA5B1BF836D600F0C7CB /* Info.plist */,
				620BBA4A1BF836D600F0C7CB /* Supporting Files */,
			);
			path = Test;
			sourceTree = "<group>";
		};
		620BBA4A1BF836D600F0C7CB /* Supporting Files */ = {
			isa = PBXGroup;
			children = (
				620BBA4B1BF836D600F0C7CB /* main.m */,
			);
			name = "Supporting Files";
			sourceTree = "<group>";
		};
/* End PBXGroup section */

/* Begin PBXNativeTarget section */
		620BBA461BF836D600F0C7CB /* Test */ = {
			isa = PBXNativeTarget;
			buildConfigurationList = 620BBA5E1BF836D600F0C7CB /* Build configuration list for PBXNativeTarget "Test" */;
			buildPhases = (
				620BBA431BF836D600F0C7CB /* Sources */,
				620BBA441BF836D600F0C7CB /* Frameworks */,
				620BBA451BF836D600F0C7CB /* Resources */,
			);
			buildRules = (
			);
			dependencies = (
			);
			name = Test;
			productName = Test;
			productReference = 620BBA471BF836D600F0C7CB /* Test.app */;
			productType = "com.apple.product-type.application";
		};
/* End PBXNativeTarget section */

/* Begin PBXProject section */
		620BBA3F1BF836D600F0C7CB /* Project object */ = {
			isa = PBXProject;
			attributes = {
				LastUpgradeCheck = 0710;
				ORGANIZATIONNAME = xiaobing;
				TargetAttributes = {
					620BBA461BF836D600F0C7CB = {
						CreatedOnToolsVersion = 7.1.1;
					};
				};
			};
			buildConfigurationList = 620BBA421BF836D600F0C7CB /* Build configuration list for PBXProject "Test" */;
			compatibilityVersion = "Xcode 3.2";
			developmentRegion = English;
			hasScannedForEncodings = 0;
			knownRegions = (
				en,
				Base,
			);
			mainGroup = 620BBA3E1BF836D600F0C7CB;
			productRefGroup = 620BBA481BF836D600F0C7CB /* Products */;
			projectDirPath = "";
			projectRoot = "";
			targets = (
				620BBA461BF836D600F0C7CB /* Test */,
			);
		};
/* End PBXProject section */

/* Begin PBXResourcesBuildPhase section */
		620BBA451BF836D600F0C7CB /* Resources */ = {
			isa = PBXResourcesBuildPhase;
			buildActionMask = 2147483647;
			files = (
				620BBA5A1BF836D600F0C7CB /* LaunchScreen.storyboard in Resources */,
				620BBA571BF836D600F0C7CB /* Assets.xcassets in Resources */,
				620BBA551BF836D600F0C7CB /* Main.storyboard in Resources */,
			);
			runOnlyForDeploymentPostprocessing = 0;
		};
/* End PBXResourcesBuildPhase section */

/* Begin PBXSourcesBuildPhase section */
		620BBA431BF836D600F0C7CB /* Sources */ = {
			isa = PBXSourcesBuildPhase;
			buildActionMask = 2147483647;
			files = (
				620BBA521BF836D600F0C7CB /* ViewController.m in Sources */,
				620BBA4F1BF836D600F0C7CB /* AppDelegate.m in Sources */,
				620BBA4C1BF836D600F0C7CB /* main.m in Sources */,
			);
			runOnlyForDeploymentPostprocessing = 0;
		};
/* End PBXSourcesBuildPhase section */

/* Begin PBXVariantGroup section */
		620BBA531BF836D600F0C7CB /* Main.storyboard */ = {
			isa = PBXVariantGroup;
			children = (
				620BBA541BF836D600F0C7CB /* Base */,
			);
			name = Main.storyboard;
			sourceTree = "<group>";
		};
		620BBA581BF836D600F0C7CB /* LaunchScreen.storyboard */ = {
			isa = PBXVariantGroup;
			children = (
				620BBA591BF836D600F0C7CB /* Base */,
			);
			name = LaunchScreen.storyboard;
			sourceTree = "<group>";
		};
/* End PBXVariantGroup section */

/* Begin XCBuildConfiguration section */
		620BBA5C1BF836D600F0C7CB /* Debug */ = {
			isa = XCBuildConfiguration;
			buildSettings = {
				ALWAYS_SEARCH_USER_PATHS = NO;
				CLANG_CXX_LANGUAGE_STANDARD = "gnu++0x";
				CLANG_CXX_LIBRARY = "libc++";
				CLANG_ENABLE_MODULES = YES;
				CLANG_ENABLE_OBJC_ARC = YES;
				CLANG_WARN_BOOL_CONVERSION = YES;
				CLANG_WARN_CONSTANT_CONVERSION = YES;
				CLANG_WARN_DIRECT_OBJC_ISA_USAGE = YES_ERROR;
				CLANG_WARN_EMPTY_BODY = YES;
				CLANG_WARN_ENUM_CONVERSION = YES;
				CLANG_WARN_INT_CONVERSION = YES;
				CLANG_WARN_OBJC_ROOT_CLASS = YES_ERROR;
				CLANG_WARN_UNREACHABLE_CODE = YES;
				CLANG_WARN__DUPLICATE_METHOD_MATCH = YES;
				"CODE_SIGN_IDENTITY[sdk=iphoneos*]" = "iPhone Developer";
				COPY_PHASE_STRIP = NO;
				DEBUG_INFORMATION_FORMAT = dwarf;
				ENABLE_STRICT_OBJC_MSGSEND = YES;
				ENABLE_TESTABILITY = YES;
				GCC_C_LANGUAGE_STANDARD = gnu99;
				GCC_DYNAMIC_NO_PIC = NO;
				GCC_NO_COMMON_BLOCKS = YES;
				GCC_OPTIMIZATION_LEVEL = 0;
				GCC_PREPROCESSOR_DEFINITIONS = (
					"DEBUG=1",
					"$(inherited)",
				);
				GCC_WARN_64_TO_32_BIT_CONVERSION = YES;
				GCC_WARN_ABOUT_RETURN_TYPE = YES_ERROR;
				GCC_WARN_UNDECLARED_SELECTOR = YES;
				GCC_WARN_UNINITIALIZED_AUTOS = YES_AGGRESSIVE;
				GCC_WARN_UNUSED_FUNCTION = YES;
				GCC_WARN_UNUSED_VARIABLE = YES;
				IPHONEOS_DEPLOYMENT_TARGET = 9.1;
				MTL_ENABLE_DEBUG_INFO = YES;
				ONLY_ACTIVE_ARCH = YES;
				SDKROOT = iphoneos;
			};
			name = Debug;
		};
		620BBA5D1BF836D600F0C7CB /* Release */ = {
			isa = XCBuildConfiguration;
			buildSettings = {
				ALWAYS_SEARCH_USER_PATHS = NO;
				CLANG_CXX_LANGUAGE_STANDARD = "gnu++0x";
				CLANG_CXX_LIBRARY = "libc++";
				CLANG_ENABLE_MODULES = YES;
				CLANG_ENABLE_OBJC_ARC = YES;
				CLANG_WARN_BOOL_CONVERSION = YES;
				CLANG_WARN_CONSTANT_CONVERSION = YES;
				CLANG_WARN_DIRECT_OBJC_ISA_USAGE = YES_ERROR;
				CLANG_WARN_EMPTY_BODY = YES;
				CLANG_WARN_ENUM_CONVERSION = YES;
				CLANG_WARN_INT_CONVERSION = YES;
				CLANG_WARN_OBJC_ROOT_CLASS = YES_ERROR;
				CLANG_WARN_UNREACHABLE_CODE = YES;
				CLANG_WARN__DUPLICATE_METHOD_MATCH = YES;
				"CODE_SIGN_IDENTITY[sdk=iphoneos*]" = "iPhone Developer";
				COPY_PHASE_STRIP = NO;
				DEBUG_INFORMATION_FORMAT = "dwarf-with-dsym";
				ENABLE_NS_ASSERTIONS = NO;
				ENABLE_STRICT_OBJC_MSGSEND = YES;
				GCC_C_LANGUAGE_STANDARD = gnu99;
				GCC_NO_COMMON_BLOCKS = YES;
				GCC_WARN_64_TO_32_BIT_CONVERSION = YES;
				GCC_WARN_ABOUT_RETURN_TYPE = YES_ERROR;
				GCC_WARN_UNDECLARED_SELECTOR = YES;
				GCC_WARN_UNINITIALIZED_AUTOS = YES_AGGRESSIVE;
				GCC_WARN_UNUSED_FUNCTION = YES;
				GCC_WARN_UNUSED_VARIABLE = YES;
				IPHONEOS_DEPLOYMENT_TARGET = 9.1;
				MTL_ENABLE_DEBUG_INFO = NO;
				SDKROOT = iphoneos;
				VALIDATE_PRODUCT = YES;
			};
			name = Release;
		};
		620BBA5F1BF836D600F0C7CB /* Debug */ = {
			isa = XCBuildConfiguration;
			buildSettings = {
				ASSETCATALOG_COMPILER_APPICON_NAME = AppIcon;
				INFOPLIST_FILE = Test/Info.plist;
				LD_RUNPATH_SEARCH_PATHS = "$(inherited) @executable_path/Frameworks";
				PRODUCT_BUNDLE_IDENTIFIER = com.xiaoxiaobing.Test;
				PRODUCT_NAME = "$(TARGET_NAME)";
			};
			name = Debug;
		};
		620BBA601BF836D600F0C7CB /* Release */ = {
			isa = XCBuildConfiguration;
			buildSettings = {
				ASSETCATALOG_COMPILER_APPICON_NAME = AppIcon;
				INFOPLIST_FILE = Test/Info.plist;
				LD_RUNPATH_SEARCH_PATHS = "$(inherited) @executable_path/Frameworks";
				PRODUCT_BUNDLE_IDENTIFIER = com.xiaoxiaobing.Test;
				PRODUCT_NAME = "$(TARGET_NAME)";
			};
			name = Release;
		};
/* End XCBuildConfiguration section */

/* Begin XCConfigurationList section */
		620BBA421BF836D600F0C7CB /* Build configuration list for PBXProject "Test" */ = {
			isa = XCConfigurationList;
			buildConfigurations = (
				620BBA5C1BF836D600F0C7CB /* Debug */,
				620BBA5D1BF836D600F0C7CB /* Release */,
			);
			defaultConfigurationIsVisible = 0;
			defaultConfigurationName = Release;
		};
		620BBA5E1BF836D600F0C7CB /* Build configuration list for PBXNativeTarget "Test" */ = {
			isa = XCConfigurationList;
			buildConfigurations = (
				620BBA5F1BF836D600F0C7CB /* Debug */,
				620BBA601BF836D600F0C7CB /* Release */,
			);
			defaultConfigurationIsVisible = 0;
		};
/* End XCConfigurationList section */
	};
	rootObject = 620BBA3F1BF836D600F0C7CB /* Project object */;
}
